
Microsoft Visual Studio Solution File, Format Version 12.00
Project("{FAE04EC0-301F-11D3-BF4B-00C04F79EFBC}") = "api", "api\api.csproj", "{35C571C5-9A42-4AD5-B57A-EF30B8160C63}"
EndProject
Project("{2150E333-8FDC-42A3-9474-1A3956D46DE8}") = "migration-scripts", "migration-scripts", "{F1A1E824-4170-45C3-BE81-0ECE00D102C6}"
	ProjectSection(SolutionItems) = preProject
		migration-scripts\MigrationTool\appsettings.json = migration-scripts\MigrationTool\appsettings.json
		migration-scripts\MigrationTool\bin\Debug\net9.0\api.deps.json = migration-scripts\MigrationTool\bin\Debug\net9.0\api.deps.json
		migration-scripts\MigrationTool\bin\Debug\net9.0\api.dll = migration-scripts\MigrationTool\bin\Debug\net9.0\api.dll
		migration-scripts\MigrationTool\bin\Debug\net9.0\api.exe = migration-scripts\MigrationTool\bin\Debug\net9.0\api.exe
		migration-scripts\MigrationTool\bin\Debug\net9.0\api.pdb = migration-scripts\MigrationTool\bin\Debug\net9.0\api.pdb
		migration-scripts\MigrationTool\bin\Debug\net9.0\api.runtimeconfig.json = migration-scripts\MigrationTool\bin\Debug\net9.0\api.runtimeconfig.json
		migration-scripts\MigrationTool\bin\Debug\net9.0\api.staticwebassets.endpoints.json = migration-scripts\MigrationTool\bin\Debug\net9.0\api.staticwebassets.endpoints.json
		migration-scripts\MigrationTool\bin\Debug\net9.0\appsettings.Development.json = migration-scripts\MigrationTool\bin\Debug\net9.0\appsettings.Development.json
		migration-scripts\MigrationTool\bin\Debug\net9.0\appsettings.json = migration-scripts\MigrationTool\bin\Debug\net9.0\appsettings.json
		migration-scripts\MigrationTool\bin\Debug\net9.0\AWSSDK.Core.dll = migration-scripts\MigrationTool\bin\Debug\net9.0\AWSSDK.Core.dll
		migration-scripts\MigrationTool\bin\Debug\net9.0\AWSSDK.SecurityToken.dll = migration-scripts\MigrationTool\bin\Debug\net9.0\AWSSDK.SecurityToken.dll
		migration-scripts\MigrationTool\bin\Debug\net9.0\cs\Microsoft.CodeAnalysis.CSharp.resources.dll = migration-scripts\MigrationTool\bin\Debug\net9.0\cs\Microsoft.CodeAnalysis.CSharp.resources.dll
		migration-scripts\MigrationTool\bin\Debug\net9.0\cs\Microsoft.CodeAnalysis.CSharp.Workspaces.resources.dll = migration-scripts\MigrationTool\bin\Debug\net9.0\cs\Microsoft.CodeAnalysis.CSharp.Workspaces.resources.dll
		migration-scripts\MigrationTool\bin\Debug\net9.0\cs\Microsoft.CodeAnalysis.resources.dll = migration-scripts\MigrationTool\bin\Debug\net9.0\cs\Microsoft.CodeAnalysis.resources.dll
		migration-scripts\MigrationTool\bin\Debug\net9.0\cs\Microsoft.CodeAnalysis.Workspaces.MSBuild.BuildHost.resources.dll = migration-scripts\MigrationTool\bin\Debug\net9.0\cs\Microsoft.CodeAnalysis.Workspaces.MSBuild.BuildHost.resources.dll
		migration-scripts\MigrationTool\bin\Debug\net9.0\cs\Microsoft.CodeAnalysis.Workspaces.resources.dll = migration-scripts\MigrationTool\bin\Debug\net9.0\cs\Microsoft.CodeAnalysis.Workspaces.resources.dll
		migration-scripts\MigrationTool\bin\Debug\net9.0\de\Microsoft.CodeAnalysis.CSharp.resources.dll = migration-scripts\MigrationTool\bin\Debug\net9.0\de\Microsoft.CodeAnalysis.CSharp.resources.dll
		migration-scripts\MigrationTool\bin\Debug\net9.0\de\Microsoft.CodeAnalysis.CSharp.Workspaces.resources.dll = migration-scripts\MigrationTool\bin\Debug\net9.0\de\Microsoft.CodeAnalysis.CSharp.Workspaces.resources.dll
		migration-scripts\MigrationTool\bin\Debug\net9.0\de\Microsoft.CodeAnalysis.resources.dll = migration-scripts\MigrationTool\bin\Debug\net9.0\de\Microsoft.CodeAnalysis.resources.dll
		migration-scripts\MigrationTool\bin\Debug\net9.0\de\Microsoft.CodeAnalysis.Workspaces.MSBuild.BuildHost.resources.dll = migration-scripts\MigrationTool\bin\Debug\net9.0\de\Microsoft.CodeAnalysis.Workspaces.MSBuild.BuildHost.resources.dll
		migration-scripts\MigrationTool\bin\Debug\net9.0\de\Microsoft.CodeAnalysis.Workspaces.resources.dll = migration-scripts\MigrationTool\bin\Debug\net9.0\de\Microsoft.CodeAnalysis.Workspaces.resources.dll
		migration-scripts\MigrationTool\bin\Debug\net9.0\DnsClient.dll = migration-scripts\MigrationTool\bin\Debug\net9.0\DnsClient.dll
		migration-scripts\MigrationTool\bin\Debug\net9.0\DotNetEnv.dll = migration-scripts\MigrationTool\bin\Debug\net9.0\DotNetEnv.dll
		migration-scripts\MigrationTool\bin\Debug\net9.0\es\Microsoft.CodeAnalysis.CSharp.resources.dll = migration-scripts\MigrationTool\bin\Debug\net9.0\es\Microsoft.CodeAnalysis.CSharp.resources.dll
		migration-scripts\MigrationTool\bin\Debug\net9.0\es\Microsoft.CodeAnalysis.CSharp.Workspaces.resources.dll = migration-scripts\MigrationTool\bin\Debug\net9.0\es\Microsoft.CodeAnalysis.CSharp.Workspaces.resources.dll
		migration-scripts\MigrationTool\bin\Debug\net9.0\es\Microsoft.CodeAnalysis.resources.dll = migration-scripts\MigrationTool\bin\Debug\net9.0\es\Microsoft.CodeAnalysis.resources.dll
		migration-scripts\MigrationTool\bin\Debug\net9.0\es\Microsoft.CodeAnalysis.Workspaces.MSBuild.BuildHost.resources.dll = migration-scripts\MigrationTool\bin\Debug\net9.0\es\Microsoft.CodeAnalysis.Workspaces.MSBuild.BuildHost.resources.dll
		migration-scripts\MigrationTool\bin\Debug\net9.0\es\Microsoft.CodeAnalysis.Workspaces.resources.dll = migration-scripts\MigrationTool\bin\Debug\net9.0\es\Microsoft.CodeAnalysis.Workspaces.resources.dll
		migration-scripts\MigrationTool\bin\Debug\net9.0\fr\Microsoft.CodeAnalysis.CSharp.resources.dll = migration-scripts\MigrationTool\bin\Debug\net9.0\fr\Microsoft.CodeAnalysis.CSharp.resources.dll
		migration-scripts\MigrationTool\bin\Debug\net9.0\fr\Microsoft.CodeAnalysis.CSharp.Workspaces.resources.dll = migration-scripts\MigrationTool\bin\Debug\net9.0\fr\Microsoft.CodeAnalysis.CSharp.Workspaces.resources.dll
		migration-scripts\MigrationTool\bin\Debug\net9.0\fr\Microsoft.CodeAnalysis.resources.dll = migration-scripts\MigrationTool\bin\Debug\net9.0\fr\Microsoft.CodeAnalysis.resources.dll
		migration-scripts\MigrationTool\bin\Debug\net9.0\fr\Microsoft.CodeAnalysis.Workspaces.MSBuild.BuildHost.resources.dll = migration-scripts\MigrationTool\bin\Debug\net9.0\fr\Microsoft.CodeAnalysis.Workspaces.MSBuild.BuildHost.resources.dll
		migration-scripts\MigrationTool\bin\Debug\net9.0\fr\Microsoft.CodeAnalysis.Workspaces.resources.dll = migration-scripts\MigrationTool\bin\Debug\net9.0\fr\Microsoft.CodeAnalysis.Workspaces.resources.dll
		migration-scripts\MigrationTool\bin\Debug\net9.0\Humanizer.dll = migration-scripts\MigrationTool\bin\Debug\net9.0\Humanizer.dll
		migration-scripts\MigrationTool\bin\Debug\net9.0\it\Microsoft.CodeAnalysis.CSharp.resources.dll = migration-scripts\MigrationTool\bin\Debug\net9.0\it\Microsoft.CodeAnalysis.CSharp.resources.dll
		migration-scripts\MigrationTool\bin\Debug\net9.0\it\Microsoft.CodeAnalysis.CSharp.Workspaces.resources.dll = migration-scripts\MigrationTool\bin\Debug\net9.0\it\Microsoft.CodeAnalysis.CSharp.Workspaces.resources.dll
		migration-scripts\MigrationTool\bin\Debug\net9.0\it\Microsoft.CodeAnalysis.resources.dll = migration-scripts\MigrationTool\bin\Debug\net9.0\it\Microsoft.CodeAnalysis.resources.dll
		migration-scripts\MigrationTool\bin\Debug\net9.0\it\Microsoft.CodeAnalysis.Workspaces.MSBuild.BuildHost.resources.dll = migration-scripts\MigrationTool\bin\Debug\net9.0\it\Microsoft.CodeAnalysis.Workspaces.MSBuild.BuildHost.resources.dll
		migration-scripts\MigrationTool\bin\Debug\net9.0\it\Microsoft.CodeAnalysis.Workspaces.resources.dll = migration-scripts\MigrationTool\bin\Debug\net9.0\it\Microsoft.CodeAnalysis.Workspaces.resources.dll
		migration-scripts\MigrationTool\bin\Debug\net9.0\ja\Microsoft.CodeAnalysis.CSharp.resources.dll = migration-scripts\MigrationTool\bin\Debug\net9.0\ja\Microsoft.CodeAnalysis.CSharp.resources.dll
		migration-scripts\MigrationTool\bin\Debug\net9.0\ja\Microsoft.CodeAnalysis.CSharp.Workspaces.resources.dll = migration-scripts\MigrationTool\bin\Debug\net9.0\ja\Microsoft.CodeAnalysis.CSharp.Workspaces.resources.dll
		migration-scripts\MigrationTool\bin\Debug\net9.0\ja\Microsoft.CodeAnalysis.resources.dll = migration-scripts\MigrationTool\bin\Debug\net9.0\ja\Microsoft.CodeAnalysis.resources.dll
		migration-scripts\MigrationTool\bin\Debug\net9.0\ja\Microsoft.CodeAnalysis.Workspaces.MSBuild.BuildHost.resources.dll = migration-scripts\MigrationTool\bin\Debug\net9.0\ja\Microsoft.CodeAnalysis.Workspaces.MSBuild.BuildHost.resources.dll
		migration-scripts\MigrationTool\bin\Debug\net9.0\ja\Microsoft.CodeAnalysis.Workspaces.resources.dll = migration-scripts\MigrationTool\bin\Debug\net9.0\ja\Microsoft.CodeAnalysis.Workspaces.resources.dll
		migration-scripts\MigrationTool\bin\Debug\net9.0\ko\Microsoft.CodeAnalysis.CSharp.resources.dll = migration-scripts\MigrationTool\bin\Debug\net9.0\ko\Microsoft.CodeAnalysis.CSharp.resources.dll
		migration-scripts\MigrationTool\bin\Debug\net9.0\ko\Microsoft.CodeAnalysis.CSharp.Workspaces.resources.dll = migration-scripts\MigrationTool\bin\Debug\net9.0\ko\Microsoft.CodeAnalysis.CSharp.Workspaces.resources.dll
		migration-scripts\MigrationTool\bin\Debug\net9.0\ko\Microsoft.CodeAnalysis.resources.dll = migration-scripts\MigrationTool\bin\Debug\net9.0\ko\Microsoft.CodeAnalysis.resources.dll
		migration-scripts\MigrationTool\bin\Debug\net9.0\ko\Microsoft.CodeAnalysis.Workspaces.MSBuild.BuildHost.resources.dll = migration-scripts\MigrationTool\bin\Debug\net9.0\ko\Microsoft.CodeAnalysis.Workspaces.MSBuild.BuildHost.resources.dll
		migration-scripts\MigrationTool\bin\Debug\net9.0\ko\Microsoft.CodeAnalysis.Workspaces.resources.dll = migration-scripts\MigrationTool\bin\Debug\net9.0\ko\Microsoft.CodeAnalysis.Workspaces.resources.dll
		migration-scripts\MigrationTool\bin\Debug\net9.0\Microsoft.AspNetCore.OpenApi.dll = migration-scripts\MigrationTool\bin\Debug\net9.0\Microsoft.AspNetCore.OpenApi.dll
		migration-scripts\MigrationTool\bin\Debug\net9.0\Microsoft.Bcl.AsyncInterfaces.dll = migration-scripts\MigrationTool\bin\Debug\net9.0\Microsoft.Bcl.AsyncInterfaces.dll
		migration-scripts\MigrationTool\bin\Debug\net9.0\Microsoft.Build.Locator.dll = migration-scripts\MigrationTool\bin\Debug\net9.0\Microsoft.Build.Locator.dll
		migration-scripts\MigrationTool\bin\Debug\net9.0\Microsoft.CodeAnalysis.CSharp.dll = migration-scripts\MigrationTool\bin\Debug\net9.0\Microsoft.CodeAnalysis.CSharp.dll
		migration-scripts\MigrationTool\bin\Debug\net9.0\Microsoft.CodeAnalysis.CSharp.Workspaces.dll = migration-scripts\MigrationTool\bin\Debug\net9.0\Microsoft.CodeAnalysis.CSharp.Workspaces.dll
		migration-scripts\MigrationTool\bin\Debug\net9.0\Microsoft.CodeAnalysis.dll = migration-scripts\MigrationTool\bin\Debug\net9.0\Microsoft.CodeAnalysis.dll
		migration-scripts\MigrationTool\bin\Debug\net9.0\Microsoft.CodeAnalysis.Workspaces.dll = migration-scripts\MigrationTool\bin\Debug\net9.0\Microsoft.CodeAnalysis.Workspaces.dll
		migration-scripts\MigrationTool\bin\Debug\net9.0\Microsoft.CodeAnalysis.Workspaces.MSBuild.BuildHost.dll = migration-scripts\MigrationTool\bin\Debug\net9.0\Microsoft.CodeAnalysis.Workspaces.MSBuild.BuildHost.dll
		migration-scripts\MigrationTool\bin\Debug\net9.0\Microsoft.CodeAnalysis.Workspaces.MSBuild.dll = migration-scripts\MigrationTool\bin\Debug\net9.0\Microsoft.CodeAnalysis.Workspaces.MSBuild.dll
		migration-scripts\MigrationTool\bin\Debug\net9.0\Microsoft.EntityFrameworkCore.Abstractions.dll = migration-scripts\MigrationTool\bin\Debug\net9.0\Microsoft.EntityFrameworkCore.Abstractions.dll
		migration-scripts\MigrationTool\bin\Debug\net9.0\Microsoft.EntityFrameworkCore.Design.dll = migration-scripts\MigrationTool\bin\Debug\net9.0\Microsoft.EntityFrameworkCore.Design.dll
		migration-scripts\MigrationTool\bin\Debug\net9.0\Microsoft.EntityFrameworkCore.dll = migration-scripts\MigrationTool\bin\Debug\net9.0\Microsoft.EntityFrameworkCore.dll
		migration-scripts\MigrationTool\bin\Debug\net9.0\Microsoft.EntityFrameworkCore.Relational.dll = migration-scripts\MigrationTool\bin\Debug\net9.0\Microsoft.EntityFrameworkCore.Relational.dll
		migration-scripts\MigrationTool\bin\Debug\net9.0\Microsoft.Extensions.Caching.Abstractions.dll = migration-scripts\MigrationTool\bin\Debug\net9.0\Microsoft.Extensions.Caching.Abstractions.dll
		migration-scripts\MigrationTool\bin\Debug\net9.0\Microsoft.Extensions.Caching.Memory.dll = migration-scripts\MigrationTool\bin\Debug\net9.0\Microsoft.Extensions.Caching.Memory.dll
		migration-scripts\MigrationTool\bin\Debug\net9.0\Microsoft.Extensions.Configuration.Abstractions.dll = migration-scripts\MigrationTool\bin\Debug\net9.0\Microsoft.Extensions.Configuration.Abstractions.dll
		migration-scripts\MigrationTool\bin\Debug\net9.0\Microsoft.Extensions.Configuration.Binder.dll = migration-scripts\MigrationTool\bin\Debug\net9.0\Microsoft.Extensions.Configuration.Binder.dll
		migration-scripts\MigrationTool\bin\Debug\net9.0\Microsoft.Extensions.Configuration.CommandLine.dll = migration-scripts\MigrationTool\bin\Debug\net9.0\Microsoft.Extensions.Configuration.CommandLine.dll
		migration-scripts\MigrationTool\bin\Debug\net9.0\Microsoft.Extensions.Configuration.dll = migration-scripts\MigrationTool\bin\Debug\net9.0\Microsoft.Extensions.Configuration.dll
		migration-scripts\MigrationTool\bin\Debug\net9.0\Microsoft.Extensions.Configuration.EnvironmentVariables.dll = migration-scripts\MigrationTool\bin\Debug\net9.0\Microsoft.Extensions.Configuration.EnvironmentVariables.dll
		migration-scripts\MigrationTool\bin\Debug\net9.0\Microsoft.Extensions.Configuration.FileExtensions.dll = migration-scripts\MigrationTool\bin\Debug\net9.0\Microsoft.Extensions.Configuration.FileExtensions.dll
		migration-scripts\MigrationTool\bin\Debug\net9.0\Microsoft.Extensions.Configuration.Json.dll = migration-scripts\MigrationTool\bin\Debug\net9.0\Microsoft.Extensions.Configuration.Json.dll
		migration-scripts\MigrationTool\bin\Debug\net9.0\Microsoft.Extensions.Configuration.UserSecrets.dll = migration-scripts\MigrationTool\bin\Debug\net9.0\Microsoft.Extensions.Configuration.UserSecrets.dll
		migration-scripts\MigrationTool\bin\Debug\net9.0\Microsoft.Extensions.DependencyInjection.Abstractions.dll = migration-scripts\MigrationTool\bin\Debug\net9.0\Microsoft.Extensions.DependencyInjection.Abstractions.dll
		migration-scripts\MigrationTool\bin\Debug\net9.0\Microsoft.Extensions.DependencyInjection.dll = migration-scripts\MigrationTool\bin\Debug\net9.0\Microsoft.Extensions.DependencyInjection.dll
		migration-scripts\MigrationTool\bin\Debug\net9.0\Microsoft.Extensions.DependencyModel.dll = migration-scripts\MigrationTool\bin\Debug\net9.0\Microsoft.Extensions.DependencyModel.dll
		migration-scripts\MigrationTool\bin\Debug\net9.0\Microsoft.Extensions.Diagnostics.Abstractions.dll = migration-scripts\MigrationTool\bin\Debug\net9.0\Microsoft.Extensions.Diagnostics.Abstractions.dll
		migration-scripts\MigrationTool\bin\Debug\net9.0\Microsoft.Extensions.Diagnostics.dll = migration-scripts\MigrationTool\bin\Debug\net9.0\Microsoft.Extensions.Diagnostics.dll
		migration-scripts\MigrationTool\bin\Debug\net9.0\Microsoft.Extensions.FileProviders.Abstractions.dll = migration-scripts\MigrationTool\bin\Debug\net9.0\Microsoft.Extensions.FileProviders.Abstractions.dll
		migration-scripts\MigrationTool\bin\Debug\net9.0\Microsoft.Extensions.FileProviders.Physical.dll = migration-scripts\MigrationTool\bin\Debug\net9.0\Microsoft.Extensions.FileProviders.Physical.dll
		migration-scripts\MigrationTool\bin\Debug\net9.0\Microsoft.Extensions.FileSystemGlobbing.dll = migration-scripts\MigrationTool\bin\Debug\net9.0\Microsoft.Extensions.FileSystemGlobbing.dll
		migration-scripts\MigrationTool\bin\Debug\net9.0\Microsoft.Extensions.Hosting.Abstractions.dll = migration-scripts\MigrationTool\bin\Debug\net9.0\Microsoft.Extensions.Hosting.Abstractions.dll
		migration-scripts\MigrationTool\bin\Debug\net9.0\Microsoft.Extensions.Hosting.dll = migration-scripts\MigrationTool\bin\Debug\net9.0\Microsoft.Extensions.Hosting.dll
		migration-scripts\MigrationTool\bin\Debug\net9.0\Microsoft.Extensions.Logging.Abstractions.dll = migration-scripts\MigrationTool\bin\Debug\net9.0\Microsoft.Extensions.Logging.Abstractions.dll
		migration-scripts\MigrationTool\bin\Debug\net9.0\Microsoft.Extensions.Logging.Configuration.dll = migration-scripts\MigrationTool\bin\Debug\net9.0\Microsoft.Extensions.Logging.Configuration.dll
		migration-scripts\MigrationTool\bin\Debug\net9.0\Microsoft.Extensions.Logging.Console.dll = migration-scripts\MigrationTool\bin\Debug\net9.0\Microsoft.Extensions.Logging.Console.dll
		migration-scripts\MigrationTool\bin\Debug\net9.0\Microsoft.Extensions.Logging.Debug.dll = migration-scripts\MigrationTool\bin\Debug\net9.0\Microsoft.Extensions.Logging.Debug.dll
		migration-scripts\MigrationTool\bin\Debug\net9.0\Microsoft.Extensions.Logging.dll = migration-scripts\MigrationTool\bin\Debug\net9.0\Microsoft.Extensions.Logging.dll
		migration-scripts\MigrationTool\bin\Debug\net9.0\Microsoft.Extensions.Logging.EventLog.dll = migration-scripts\MigrationTool\bin\Debug\net9.0\Microsoft.Extensions.Logging.EventLog.dll
		migration-scripts\MigrationTool\bin\Debug\net9.0\Microsoft.Extensions.Logging.EventSource.dll = migration-scripts\MigrationTool\bin\Debug\net9.0\Microsoft.Extensions.Logging.EventSource.dll
		migration-scripts\MigrationTool\bin\Debug\net9.0\Microsoft.Extensions.Options.ConfigurationExtensions.dll = migration-scripts\MigrationTool\bin\Debug\net9.0\Microsoft.Extensions.Options.ConfigurationExtensions.dll
		migration-scripts\MigrationTool\bin\Debug\net9.0\Microsoft.Extensions.Options.dll = migration-scripts\MigrationTool\bin\Debug\net9.0\Microsoft.Extensions.Options.dll
		migration-scripts\MigrationTool\bin\Debug\net9.0\Microsoft.Extensions.Primitives.dll = migration-scripts\MigrationTool\bin\Debug\net9.0\Microsoft.Extensions.Primitives.dll
		migration-scripts\MigrationTool\bin\Debug\net9.0\Microsoft.OpenApi.dll = migration-scripts\MigrationTool\bin\Debug\net9.0\Microsoft.OpenApi.dll
		migration-scripts\MigrationTool\bin\Debug\net9.0\MigrationTool.deps.json = migration-scripts\MigrationTool\bin\Debug\net9.0\MigrationTool.deps.json
		migration-scripts\MigrationTool\bin\Debug\net9.0\MigrationTool.dll = migration-scripts\MigrationTool\bin\Debug\net9.0\MigrationTool.dll
		migration-scripts\MigrationTool\bin\Debug\net9.0\MigrationTool.exe = migration-scripts\MigrationTool\bin\Debug\net9.0\MigrationTool.exe
		migration-scripts\MigrationTool\bin\Debug\net9.0\MigrationTool.pdb = migration-scripts\MigrationTool\bin\Debug\net9.0\MigrationTool.pdb
		migration-scripts\MigrationTool\bin\Debug\net9.0\MigrationTool.runtimeconfig.json = migration-scripts\MigrationTool\bin\Debug\net9.0\MigrationTool.runtimeconfig.json
		migration-scripts\MigrationTool\bin\Debug\net9.0\MongoDB.Bson.dll = migration-scripts\MigrationTool\bin\Debug\net9.0\MongoDB.Bson.dll
		migration-scripts\MigrationTool\bin\Debug\net9.0\MongoDB.Driver.Core.dll = migration-scripts\MigrationTool\bin\Debug\net9.0\MongoDB.Driver.Core.dll
		migration-scripts\MigrationTool\bin\Debug\net9.0\MongoDB.Driver.dll = migration-scripts\MigrationTool\bin\Debug\net9.0\MongoDB.Driver.dll
		migration-scripts\MigrationTool\bin\Debug\net9.0\MongoDB.Libmongocrypt.dll = migration-scripts\MigrationTool\bin\Debug\net9.0\MongoDB.Libmongocrypt.dll
		migration-scripts\MigrationTool\bin\Debug\net9.0\Mono.TextTemplating.dll = migration-scripts\MigrationTool\bin\Debug\net9.0\Mono.TextTemplating.dll
		migration-scripts\MigrationTool\bin\Debug\net9.0\Npgsql.dll = migration-scripts\MigrationTool\bin\Debug\net9.0\Npgsql.dll
		migration-scripts\MigrationTool\bin\Debug\net9.0\Npgsql.EntityFrameworkCore.PostgreSQL.dll = migration-scripts\MigrationTool\bin\Debug\net9.0\Npgsql.EntityFrameworkCore.PostgreSQL.dll
		migration-scripts\MigrationTool\bin\Debug\net9.0\pl\Microsoft.CodeAnalysis.CSharp.resources.dll = migration-scripts\MigrationTool\bin\Debug\net9.0\pl\Microsoft.CodeAnalysis.CSharp.resources.dll
		migration-scripts\MigrationTool\bin\Debug\net9.0\pl\Microsoft.CodeAnalysis.CSharp.Workspaces.resources.dll = migration-scripts\MigrationTool\bin\Debug\net9.0\pl\Microsoft.CodeAnalysis.CSharp.Workspaces.resources.dll
		migration-scripts\MigrationTool\bin\Debug\net9.0\pl\Microsoft.CodeAnalysis.resources.dll = migration-scripts\MigrationTool\bin\Debug\net9.0\pl\Microsoft.CodeAnalysis.resources.dll
		migration-scripts\MigrationTool\bin\Debug\net9.0\pl\Microsoft.CodeAnalysis.Workspaces.MSBuild.BuildHost.resources.dll = migration-scripts\MigrationTool\bin\Debug\net9.0\pl\Microsoft.CodeAnalysis.Workspaces.MSBuild.BuildHost.resources.dll
		migration-scripts\MigrationTool\bin\Debug\net9.0\pl\Microsoft.CodeAnalysis.Workspaces.resources.dll = migration-scripts\MigrationTool\bin\Debug\net9.0\pl\Microsoft.CodeAnalysis.Workspaces.resources.dll
		migration-scripts\MigrationTool\bin\Debug\net9.0\pt-BR\Microsoft.CodeAnalysis.CSharp.resources.dll = migration-scripts\MigrationTool\bin\Debug\net9.0\pt-BR\Microsoft.CodeAnalysis.CSharp.resources.dll
		migration-scripts\MigrationTool\bin\Debug\net9.0\pt-BR\Microsoft.CodeAnalysis.CSharp.Workspaces.resources.dll = migration-scripts\MigrationTool\bin\Debug\net9.0\pt-BR\Microsoft.CodeAnalysis.CSharp.Workspaces.resources.dll
		migration-scripts\MigrationTool\bin\Debug\net9.0\pt-BR\Microsoft.CodeAnalysis.resources.dll = migration-scripts\MigrationTool\bin\Debug\net9.0\pt-BR\Microsoft.CodeAnalysis.resources.dll
		migration-scripts\MigrationTool\bin\Debug\net9.0\pt-BR\Microsoft.CodeAnalysis.Workspaces.MSBuild.BuildHost.resources.dll = migration-scripts\MigrationTool\bin\Debug\net9.0\pt-BR\Microsoft.CodeAnalysis.Workspaces.MSBuild.BuildHost.resources.dll
		migration-scripts\MigrationTool\bin\Debug\net9.0\pt-BR\Microsoft.CodeAnalysis.Workspaces.resources.dll = migration-scripts\MigrationTool\bin\Debug\net9.0\pt-BR\Microsoft.CodeAnalysis.Workspaces.resources.dll
		migration-scripts\MigrationTool\bin\Debug\net9.0\ru\Microsoft.CodeAnalysis.CSharp.resources.dll = migration-scripts\MigrationTool\bin\Debug\net9.0\ru\Microsoft.CodeAnalysis.CSharp.resources.dll
		migration-scripts\MigrationTool\bin\Debug\net9.0\ru\Microsoft.CodeAnalysis.CSharp.Workspaces.resources.dll = migration-scripts\MigrationTool\bin\Debug\net9.0\ru\Microsoft.CodeAnalysis.CSharp.Workspaces.resources.dll
		migration-scripts\MigrationTool\bin\Debug\net9.0\ru\Microsoft.CodeAnalysis.resources.dll = migration-scripts\MigrationTool\bin\Debug\net9.0\ru\Microsoft.CodeAnalysis.resources.dll
		migration-scripts\MigrationTool\bin\Debug\net9.0\ru\Microsoft.CodeAnalysis.Workspaces.MSBuild.BuildHost.resources.dll = migration-scripts\MigrationTool\bin\Debug\net9.0\ru\Microsoft.CodeAnalysis.Workspaces.MSBuild.BuildHost.resources.dll
		migration-scripts\MigrationTool\bin\Debug\net9.0\ru\Microsoft.CodeAnalysis.Workspaces.resources.dll = migration-scripts\MigrationTool\bin\Debug\net9.0\ru\Microsoft.CodeAnalysis.Workspaces.resources.dll
		migration-scripts\MigrationTool\bin\Debug\net9.0\runtimes\linux\native\libmongocrypt.so = migration-scripts\MigrationTool\bin\Debug\net9.0\runtimes\linux\native\libmongocrypt.so
		migration-scripts\MigrationTool\bin\Debug\net9.0\runtimes\osx\native\libmongocrypt.dylib = migration-scripts\MigrationTool\bin\Debug\net9.0\runtimes\osx\native\libmongocrypt.dylib
		migration-scripts\MigrationTool\bin\Debug\net9.0\runtimes\win\lib\net9.0\System.Diagnostics.EventLog.dll = migration-scripts\MigrationTool\bin\Debug\net9.0\runtimes\win\lib\net9.0\System.Diagnostics.EventLog.dll
		migration-scripts\MigrationTool\bin\Debug\net9.0\runtimes\win\native\mongocrypt.dll = migration-scripts\MigrationTool\bin\Debug\net9.0\runtimes\win\native\mongocrypt.dll
		migration-scripts\MigrationTool\bin\Debug\net9.0\SharpCompress.dll = migration-scripts\MigrationTool\bin\Debug\net9.0\SharpCompress.dll
		migration-scripts\MigrationTool\bin\Debug\net9.0\Snappier.dll = migration-scripts\MigrationTool\bin\Debug\net9.0\Snappier.dll
		migration-scripts\MigrationTool\bin\Debug\net9.0\Sprache.dll = migration-scripts\MigrationTool\bin\Debug\net9.0\Sprache.dll
		migration-scripts\MigrationTool\bin\Debug\net9.0\System.CodeDom.dll = migration-scripts\MigrationTool\bin\Debug\net9.0\System.CodeDom.dll
		migration-scripts\MigrationTool\bin\Debug\net9.0\System.Composition.AttributedModel.dll = migration-scripts\MigrationTool\bin\Debug\net9.0\System.Composition.AttributedModel.dll
		migration-scripts\MigrationTool\bin\Debug\net9.0\System.Composition.Convention.dll = migration-scripts\MigrationTool\bin\Debug\net9.0\System.Composition.Convention.dll
		migration-scripts\MigrationTool\bin\Debug\net9.0\System.Composition.Hosting.dll = migration-scripts\MigrationTool\bin\Debug\net9.0\System.Composition.Hosting.dll
		migration-scripts\MigrationTool\bin\Debug\net9.0\System.Composition.Runtime.dll = migration-scripts\MigrationTool\bin\Debug\net9.0\System.Composition.Runtime.dll
		migration-scripts\MigrationTool\bin\Debug\net9.0\System.Composition.TypedParts.dll = migration-scripts\MigrationTool\bin\Debug\net9.0\System.Composition.TypedParts.dll
		migration-scripts\MigrationTool\bin\Debug\net9.0\System.Diagnostics.EventLog.dll = migration-scripts\MigrationTool\bin\Debug\net9.0\System.Diagnostics.EventLog.dll
		migration-scripts\MigrationTool\bin\Debug\net9.0\System.Text.Json.dll = migration-scripts\MigrationTool\bin\Debug\net9.0\System.Text.Json.dll
		migration-scripts\MigrationTool\bin\Debug\net9.0\tr\Microsoft.CodeAnalysis.CSharp.resources.dll = migration-scripts\MigrationTool\bin\Debug\net9.0\tr\Microsoft.CodeAnalysis.CSharp.resources.dll
		migration-scripts\MigrationTool\bin\Debug\net9.0\tr\Microsoft.CodeAnalysis.CSharp.Workspaces.resources.dll = migration-scripts\MigrationTool\bin\Debug\net9.0\tr\Microsoft.CodeAnalysis.CSharp.Workspaces.resources.dll
		migration-scripts\MigrationTool\bin\Debug\net9.0\tr\Microsoft.CodeAnalysis.resources.dll = migration-scripts\MigrationTool\bin\Debug\net9.0\tr\Microsoft.CodeAnalysis.resources.dll
		migration-scripts\MigrationTool\bin\Debug\net9.0\tr\Microsoft.CodeAnalysis.Workspaces.MSBuild.BuildHost.resources.dll = migration-scripts\MigrationTool\bin\Debug\net9.0\tr\Microsoft.CodeAnalysis.Workspaces.MSBuild.BuildHost.resources.dll
		migration-scripts\MigrationTool\bin\Debug\net9.0\tr\Microsoft.CodeAnalysis.Workspaces.resources.dll = migration-scripts\MigrationTool\bin\Debug\net9.0\tr\Microsoft.CodeAnalysis.Workspaces.resources.dll
		migration-scripts\MigrationTool\bin\Debug\net9.0\zh-Hans\Microsoft.CodeAnalysis.CSharp.resources.dll = migration-scripts\MigrationTool\bin\Debug\net9.0\zh-Hans\Microsoft.CodeAnalysis.CSharp.resources.dll
		migration-scripts\MigrationTool\bin\Debug\net9.0\zh-Hans\Microsoft.CodeAnalysis.CSharp.Workspaces.resources.dll = migration-scripts\MigrationTool\bin\Debug\net9.0\zh-Hans\Microsoft.CodeAnalysis.CSharp.Workspaces.resources.dll
		migration-scripts\MigrationTool\bin\Debug\net9.0\zh-Hans\Microsoft.CodeAnalysis.resources.dll = migration-scripts\MigrationTool\bin\Debug\net9.0\zh-Hans\Microsoft.CodeAnalysis.resources.dll
		migration-scripts\MigrationTool\bin\Debug\net9.0\zh-Hans\Microsoft.CodeAnalysis.Workspaces.MSBuild.BuildHost.resources.dll = migration-scripts\MigrationTool\bin\Debug\net9.0\zh-Hans\Microsoft.CodeAnalysis.Workspaces.MSBuild.BuildHost.resources.dll
		migration-scripts\MigrationTool\bin\Debug\net9.0\zh-Hans\Microsoft.CodeAnalysis.Workspaces.resources.dll = migration-scripts\MigrationTool\bin\Debug\net9.0\zh-Hans\Microsoft.CodeAnalysis.Workspaces.resources.dll
		migration-scripts\MigrationTool\bin\Debug\net9.0\zh-Hant\Microsoft.CodeAnalysis.CSharp.resources.dll = migration-scripts\MigrationTool\bin\Debug\net9.0\zh-Hant\Microsoft.CodeAnalysis.CSharp.resources.dll
		migration-scripts\MigrationTool\bin\Debug\net9.0\zh-Hant\Microsoft.CodeAnalysis.CSharp.Workspaces.resources.dll = migration-scripts\MigrationTool\bin\Debug\net9.0\zh-Hant\Microsoft.CodeAnalysis.CSharp.Workspaces.resources.dll
		migration-scripts\MigrationTool\bin\Debug\net9.0\zh-Hant\Microsoft.CodeAnalysis.resources.dll = migration-scripts\MigrationTool\bin\Debug\net9.0\zh-Hant\Microsoft.CodeAnalysis.resources.dll
		migration-scripts\MigrationTool\bin\Debug\net9.0\zh-Hant\Microsoft.CodeAnalysis.Workspaces.MSBuild.BuildHost.resources.dll = migration-scripts\MigrationTool\bin\Debug\net9.0\zh-Hant\Microsoft.CodeAnalysis.Workspaces.MSBuild.BuildHost.resources.dll
		migration-scripts\MigrationTool\bin\Debug\net9.0\zh-Hant\Microsoft.CodeAnalysis.Workspaces.resources.dll = migration-scripts\MigrationTool\bin\Debug\net9.0\zh-Hant\Microsoft.CodeAnalysis.Workspaces.resources.dll
		migration-scripts\MigrationTool\bin\Debug\net9.0\ZstdSharp.dll = migration-scripts\MigrationTool\bin\Debug\net9.0\ZstdSharp.dll
		migration-scripts\MigrationTool\MigrationTool.csproj = migration-scripts\MigrationTool\MigrationTool.csproj
		migration-scripts\MigrationTool\Models\MongoAccount.cs = migration-scripts\MigrationTool\Models\MongoAccount.cs
		migration-scripts\MigrationTool\Models\MongoEpisode.cs = migration-scripts\MigrationTool\Models\MongoEpisode.cs
		migration-scripts\MigrationTool\Models\MongoMedia.cs = migration-scripts\MigrationTool\Models\MongoMedia.cs
		migration-scripts\MigrationTool\Models\MongoPerson.cs = migration-scripts\MigrationTool\Models\MongoPerson.cs
		migration-scripts\MigrationTool\Models\MongoSubscription.cs = migration-scripts\MigrationTool\Models\MongoSubscription.cs
		migration-scripts\MigrationTool\Models\MongoUser.cs = migration-scripts\MigrationTool\Models\MongoUser.cs
		migration-scripts\MigrationTool\obj\Debug\net9.0\.NETCoreApp,Version=v9.0.AssemblyAttributes.cs = migration-scripts\MigrationTool\obj\Debug\net9.0\.NETCoreApp,Version=v9.0.AssemblyAttributes.cs
		migration-scripts\MigrationTool\obj\Debug\net9.0\apphost.exe = migration-scripts\MigrationTool\obj\Debug\net9.0\apphost.exe
		migration-scripts\MigrationTool\obj\Debug\net9.0\Migratio.BC574EA1.Up2Date = migration-scripts\MigrationTool\obj\Debug\net9.0\Migratio.BC574EA1.Up2Date
		migration-scripts\MigrationTool\obj\Debug\net9.0\MigrationTool.AssemblyInfo.cs = migration-scripts\MigrationTool\obj\Debug\net9.0\MigrationTool.AssemblyInfo.cs
		migration-scripts\MigrationTool\obj\Debug\net9.0\MigrationTool.AssemblyInfoInputs.cache = migration-scripts\MigrationTool\obj\Debug\net9.0\MigrationTool.AssemblyInfoInputs.cache
		migration-scripts\MigrationTool\obj\Debug\net9.0\MigrationTool.assets.cache = migration-scripts\MigrationTool\obj\Debug\net9.0\MigrationTool.assets.cache
		migration-scripts\MigrationTool\obj\Debug\net9.0\MigrationTool.csproj.AssemblyReference.cache = migration-scripts\MigrationTool\obj\Debug\net9.0\MigrationTool.csproj.AssemblyReference.cache
		migration-scripts\MigrationTool\obj\Debug\net9.0\MigrationTool.csproj.CoreCompileInputs.cache = migration-scripts\MigrationTool\obj\Debug\net9.0\MigrationTool.csproj.CoreCompileInputs.cache
		migration-scripts\MigrationTool\obj\Debug\net9.0\MigrationTool.csproj.FileListAbsolute.txt = migration-scripts\MigrationTool\obj\Debug\net9.0\MigrationTool.csproj.FileListAbsolute.txt
		migration-scripts\MigrationTool\obj\Debug\net9.0\MigrationTool.dll = migration-scripts\MigrationTool\obj\Debug\net9.0\MigrationTool.dll
		migration-scripts\MigrationTool\obj\Debug\net9.0\MigrationTool.GeneratedMSBuildEditorConfig.editorconfig = migration-scripts\MigrationTool\obj\Debug\net9.0\MigrationTool.GeneratedMSBuildEditorConfig.editorconfig
		migration-scripts\MigrationTool\obj\Debug\net9.0\MigrationTool.genruntimeconfig.cache = migration-scripts\MigrationTool\obj\Debug\net9.0\MigrationTool.genruntimeconfig.cache
		migration-scripts\MigrationTool\obj\Debug\net9.0\MigrationTool.pdb = migration-scripts\MigrationTool\obj\Debug\net9.0\MigrationTool.pdb
		migration-scripts\MigrationTool\obj\Debug\net9.0\MigrationTool.sourcelink.json = migration-scripts\MigrationTool\obj\Debug\net9.0\MigrationTool.sourcelink.json
		migration-scripts\MigrationTool\obj\Debug\net9.0\ref\MigrationTool.dll = migration-scripts\MigrationTool\obj\Debug\net9.0\ref\MigrationTool.dll
		migration-scripts\MigrationTool\obj\Debug\net9.0\refint\MigrationTool.dll = migration-scripts\MigrationTool\obj\Debug\net9.0\refint\MigrationTool.dll
		migration-scripts\MigrationTool\obj\MigrationTool.csproj.nuget.dgspec.json = migration-scripts\MigrationTool\obj\MigrationTool.csproj.nuget.dgspec.json
		migration-scripts\MigrationTool\obj\MigrationTool.csproj.nuget.g.props = migration-scripts\MigrationTool\obj\MigrationTool.csproj.nuget.g.props
		migration-scripts\MigrationTool\obj\MigrationTool.csproj.nuget.g.targets = migration-scripts\MigrationTool\obj\MigrationTool.csproj.nuget.g.targets
		migration-scripts\MigrationTool\obj\project.assets.json = migration-scripts\MigrationTool\obj\project.assets.json
		migration-scripts\MigrationTool\obj\project.nuget.cache = migration-scripts\MigrationTool\obj\project.nuget.cache
		migration-scripts\MigrationTool\Program.cs = migration-scripts\MigrationTool\Program.cs
		migration-scripts\MigrationTool\README.md = migration-scripts\MigrationTool\README.md
		migration-scripts\MigrationTool\Services\MigrationService.cs = migration-scripts\MigrationTool\Services\MigrationService.cs
		migration-scripts\MigrationTool\Services\MongoService.cs = migration-scripts\MigrationTool\Services\MongoService.cs
		migration-scripts\MigrationTool\Services\PostgresService.cs = migration-scripts\MigrationTool\Services\PostgresService.cs
	EndProjectSection
EndProject
Global
	GlobalSection(SolutionConfigurationPlatforms) = preSolution
		Debug|Any CPU = Debug|Any CPU
		Release|Any CPU = Release|Any CPU
	EndGlobalSection
	GlobalSection(ProjectConfigurationPlatforms) = postSolution
		{35C571C5-9A42-4AD5-B57A-EF30B8160C63}.Debug|Any CPU.ActiveCfg = Debug|Any CPU
		{35C571C5-9A42-4AD5-B57A-EF30B8160C63}.Debug|Any CPU.Build.0 = Debug|Any CPU
		{35C571C5-9A42-4AD5-B57A-EF30B8160C63}.Release|Any CPU.ActiveCfg = Release|Any CPU
		{35C571C5-9A42-4AD5-B57A-EF30B8160C63}.Release|Any CPU.Build.0 = Release|Any CPU
	EndGlobalSection
EndGlobal
