
Microsoft Visual Studio Solution File, Format Version 12.00
Project("{FAE04EC0-301F-11D3-BF4B-00C04F79EFBC}") = "api", "api\api.csproj", "{35C571C5-9A42-4AD5-B57A-EF30B8160C63}"
EndProject
Project("{FAE04EC0-301F-11D3-BF4B-00C04F79EFBC}") = "sql-to-document", "migration-tools\sql-to-document\sql-to-document.csproj", "{8CB239A9-97F4-4C91-80DC-035351686D9E}"
EndProject
Project("{FAE04EC0-301F-11D3-BF4B-00C04F79EFBC}") = "sql-to-graph", "migration-tools\sql-to-graph\sql-to-graph.csproj", "{A48B46B4-5342-4DD4-9757-9DE7B2315630}"
EndProject
Global
	GlobalSection(SolutionConfigurationPlatforms) = preSolution
		Debug|Any CPU = Debug|Any CPU
		Release|Any CPU = Release|Any CPU
	EndGlobalSection
	GlobalSection(ProjectConfigurationPlatforms) = postSolution
		{35C571C5-9A42-4AD5-B57A-EF30B8160C63}.Debug|Any CPU.ActiveCfg = Debug|Any CPU
		{35C571C5-9A42-4AD5-B57A-EF30B8160C63}.Debug|Any CPU.Build.0 = Debug|Any CPU
		{35C571C5-9A42-4AD5-B57A-EF30B8160C63}.Release|Any CPU.ActiveCfg = Release|Any CPU
		{35C571C5-9A42-4AD5-B57A-EF30B8160C63}.Release|Any CPU.Build.0 = Release|Any CPU
		{126E1B11-ACB2-481C-A55E-D234B9E0CD5A}.Debug|Any CPU.ActiveCfg = Debug|Any CPU
		{126E1B11-ACB2-481C-A55E-D234B9E0CD5A}.Debug|Any CPU.Build.0 = Debug|Any CPU
		{126E1B11-ACB2-481C-A55E-D234B9E0CD5A}.Release|Any CPU.ActiveCfg = Release|Any CPU
		{126E1B11-ACB2-481C-A55E-D234B9E0CD5A}.Release|Any CPU.Build.0 = Release|Any CPU
		{8CB239A9-97F4-4C91-80DC-035351686D9E}.Debug|Any CPU.ActiveCfg = Debug|Any CPU
		{8CB239A9-97F4-4C91-80DC-035351686D9E}.Debug|Any CPU.Build.0 = Debug|Any CPU
		{8CB239A9-97F4-4C91-80DC-035351686D9E}.Release|Any CPU.ActiveCfg = Release|Any CPU
		{8CB239A9-97F4-4C91-80DC-035351686D9E}.Release|Any CPU.Build.0 = Release|Any CPU
		{A48B46B4-5342-4DD4-9757-9DE7B2315630}.Debug|Any CPU.ActiveCfg = Debug|Any CPU
		{A48B46B4-5342-4DD4-9757-9DE7B2315630}.Debug|Any CPU.Build.0 = Debug|Any CPU
		{A48B46B4-5342-4DD4-9757-9DE7B2315630}.Release|Any CPU.ActiveCfg = Release|Any CPU
		{A48B46B4-5342-4DD4-9757-9DE7B2315630}.Release|Any CPU.Build.0 = Release|Any CPU
	EndGlobalSection
EndGlobal
