{
  "version": 4,
  "terraform_version": "1.9.8",
  "serial": 13,
  "lineage": "9c0a0329-6ee5-f745-a7a0-b9aa2818f1d1",
  "outputs": {
    "droplet_ip": {
      "value": "207.154.211.193",
      "type": "string"
    },
    "reserved_ip": {
      "value": "129.212.168.50",
      "type": "string"
    },
    "ssh_command": {
      "value": "ssh root@129.212.168.50",
      "type": "string"
    }
  },
  "resources": [
    {
      "mode": "data",
      "type": "digitalocean_ssh_key",
      "name": "ali_laptop",
      "provider": "provider[\"registry.terraform.io/digitalocean/digitalocean\"]",
      "instances": [
        {
          "schema_version": 0,
          "attributes": {
            "fingerprint": "75:e1:ed:0b:e4:65:05:75:a4:fe:d2:7f:61:de:4a:ef",
            "id": 50310518,
            "name": "ali_laptop",
            "public_key": "ssh-ed25519 AAAAC3NzaC1lZDI1NTE5AAAAIIzU98m4MecYGEPMpkzPiV4H81PBCqkOYypkGgPmjE9K alihmohammad@hotmail.com"
          },
          "sensitive_attributes": []
        }
      ]
    },
    {
      "mode": "data",
      "type": "digitalocean_ssh_key",
      "name": "ali_pc",
      "provider": "provider[\"registry.terraform.io/digitalocean/digitalocean\"]",
      "instances": [
        {
          "schema_version": 0,
          "attributes": {
            "fingerprint": "71:f0:df:46:71:67:0c:a1:c2:c5:2f:2e:1a:d3:28:f8",
            "id": 50312490,
            "name": "ali_pc",
            "public_key": "ssh-ed25519 AAAAC3NzaC1lZDI1NTE5AAAAILz/CUeL0Qp79M/5940RogIwt3ht++FAeX8nSDRaU4xf alihmohammad@hotmail.com"
          },
          "sensitive_attributes": []
        }
      ]
    },
    {
      "mode": "data",
      "type": "digitalocean_ssh_key",
      "name": "brian_laptop",
      "provider": "provider[\"registry.terraform.io/digitalocean/digitalocean\"]",
      "instances": [
        {
          "schema_version": 0,
          "attributes": {
            "fingerprint": "01:c8:65:1e:45:df:66:b3:1d:34:61:f0:dd:8d:50:33",
            "id": 43544937,
            "name": "brian_laptop",
            "public_key": "ssh-rsa AAAAB3NzaC1yc2EAAAADAQABAAACAQDaY2E0y2iXN7GNTw3X6v3Omtjzktf6o2mmmTMg3x9uOKefe2/dyHfKX1fIZy3Bpp2hMxYK0j5tdIgCOPTwDoRzZ8Sp1RpwJUTKAZtX9wzG2yrbSpdEOlyQUFKVmg/rM2Y/46D3CkhuacKKTCkDCuHW+aBM9OE2DN0II1kyzNku+lEmYNlCjCUHwRVbesrdnw1Ip6+mk5XDMHBJCdaQN0+y7wjrP3rifHR5ubf/KGilpvvEIRPZsUR/6Hdr5C0m4bk1g1ihJMZ5SQ+o84XqC55TF+qQqMXn5tz8SNfKTKfY5qbqO06zykep1rfB2WB2Rz529YndHgpPbYeOzB9Q7WTrAXZa84l7Ckh/Zqa7j/l65kAYM/z/y4Z2lOY4qSGMDebiUJpJSGd+UtBk6y37aTX3nlmp2PPcekZmmvFfWmTtVLS7TlWvdoJ6PbxA+4BzhrYI8Yw+5sZCqr5ZsXMYHbJdxjUhP6FeXuUxDjG5QwnPrhQB447iZrAxtyMgBwZ9avNBqBfRO+i1yXFLaJIpX8GKlWsm5kSlZ3XhkEAApGJF6yyzvHpJegH9Luk/NxRhvaQpPR5KPOQaensbq4X/tUSVnX4dGi5JCaxtSmqKp4JbMVMI5ZsLJfCgkWyhNP34ZoQ9FzEMj0q4Bi9A1If5mbgqyMhCuxV9Fx8VIjCLO3f+7Q== forke@DESKTOP-68BLBQK"
          },
          "sensitive_attributes": []
        }
      ]
    },
    {
      "mode": "managed",
      "type": "digitalocean_droplet",
      "name": "app-production",
      "provider": "provider[\"registry.terraform.io/digitalocean/digitalocean\"]",
      "instances": [
        {
          "schema_version": 1,
          "attributes": {
            "backup_policy": [],
            "backups": false,
            "created_at": "2025-08-28T19:19:33Z",
            "disk": 25,
            "droplet_agent": null,
            "graceful_shutdown": false,
            "id": "515734714",
            "image": "ubuntu-25-04-x64",
            "ipv4_address": "207.154.211.193",
            "ipv4_address_private": "10.114.0.3",
            "ipv6": false,
            "ipv6_address": "",
            "locked": false,
            "memory": 1024,
            "monitoring": false,
            "name": "app-production",
            "price_hourly": 0.00893,
            "price_monthly": 6,
            "private_networking": true,
            "region": "fra1",
            "resize_disk": true,
            "size": "s-1vcpu-1gb",
            "ssh_keys": [
              "43544937",
              "50310518",
              "50312490"
            ],
            "status": "active",
            "tags": null,
            "timeouts": null,
            "urn": "do:droplet:515734714",
            "user_data": null,
            "vcpus": 1,
            "volume_ids": [],
            "vpc_uuid": "36908f00-21f9-465b-b025-6168e53456c5"
          },
          "sensitive_attributes": [],
          "private": "eyJlMmJmYjczMC1lY2FhLTExZTYtOGY4OC0zNDM2M2JjN2M0YzAiOnsiY3JlYXRlIjozNjAwMDAwMDAwMDAwLCJkZWxldGUiOjYwMDAwMDAwMDAwLCJ1cGRhdGUiOjM2MDAwMDAwMDAwMDB9LCJzY2hlbWFfdmVyc2lvbiI6IjEifQ==",
          "dependencies": [
            "data.digitalocean_ssh_key.ali_laptop",
            "data.digitalocean_ssh_key.ali_pc",
            "data.digitalocean_ssh_key.brian_laptop"
          ]
        }
      ]
    },
    {
      "mode": "managed",
      "type": "digitalocean_firewall",
      "name": "app-production",
      "provider": "provider[\"registry.terraform.io/digitalocean/digitalocean\"]",
      "instances": [
        {
          "schema_version": 0,
          "attributes": {
            "created_at": "2025-08-28T17:54:32Z",
            "droplet_ids": [
              515734714
            ],
            "id": "ea069580-2f61-4f53-8948-7d5526eb9ccc",
            "inbound_rule": [
              {
                "port_range": "22",
                "protocol": "tcp",
                "source_addresses": [
                  "0.0.0.0/0",
                  "::/0"
                ],
                "source_droplet_ids": [],
                "source_kubernetes_ids": [],
                "source_load_balancer_uids": [],
                "source_tags": []
              },
              {
                "port_range": "3307",
                "protocol": "tcp",
                "source_addresses": [
                  "0.0.0.0/0",
                  "::/0"
                ],
                "source_droplet_ids": [],
                "source_kubernetes_ids": [],
                "source_load_balancer_uids": [],
                "source_tags": []
              },
              {
                "port_range": "443",
                "protocol": "tcp",
                "source_addresses": [
                  "0.0.0.0/0",
                  "::/0"
                ],
                "source_droplet_ids": [],
                "source_kubernetes_ids": [],
                "source_load_balancer_uids": [],
                "source_tags": []
              },
              {
                "port_range": "80",
                "protocol": "tcp",
                "source_addresses": [
                  "0.0.0.0/0",
                  "::/0"
                ],
                "source_droplet_ids": [],
                "source_kubernetes_ids": [],
                "source_load_balancer_uids": [],
                "source_tags": []
              },
              {
                "port_range": "9100",
                "protocol": "tcp",
                "source_addresses": [
                  "0.0.0.0/0",
                  "::/0"
                ],
                "source_droplet_ids": [],
                "source_kubernetes_ids": [],
                "source_load_balancer_uids": [],
                "source_tags": []
              }
            ],
            "name": "app-production-firewall",
            "outbound_rule": [
              {
                "destination_addresses": [
                  "0.0.0.0/0",
                  "::/0"
                ],
                "destination_droplet_ids": [],
                "destination_kubernetes_ids": [],
                "destination_load_balancer_uids": [],
                "destination_tags": [],
                "port_range": "",
                "protocol": "icmp"
              },
              {
                "destination_addresses": [
                  "0.0.0.0/0",
                  "::/0"
                ],
                "destination_droplet_ids": [],
                "destination_kubernetes_ids": [],
                "destination_load_balancer_uids": [],
                "destination_tags": [],
                "port_range": "1-65535",
                "protocol": "tcp"
              },
              {
                "destination_addresses": [
                  "0.0.0.0/0",
                  "::/0"
                ],
                "destination_droplet_ids": [],
                "destination_kubernetes_ids": [],
                "destination_load_balancer_uids": [],
                "destination_tags": [],
                "port_range": "1-65535",
                "protocol": "udp"
              }
            ],
            "pending_changes": [
              {
                "droplet_id": 515734714,
                "removing": false,
                "status": "waiting"
              }
            ],
            "status": "waiting",
            "tags": []
          },
          "sensitive_attributes": [],
          "private": "bnVsbA==",
          "dependencies": [
            "data.digitalocean_ssh_key.ali_laptop",
            "data.digitalocean_ssh_key.ali_pc",
            "data.digitalocean_ssh_key.brian_laptop",
            "digitalocean_droplet.app-production"
          ]
        }
      ]
    },
    {
      "mode": "managed",
      "type": "digitalocean_reserved_ip",
      "name": "app-production-ip",
      "provider": "provider[\"registry.terraform.io/digitalocean/digitalocean\"]",
      "instances": [
        {
          "schema_version": 0,
          "attributes": {
            "droplet_id": 515734714,
            "id": "129.212.168.50",
            "ip_address": "129.212.168.50",
            "region": "fra1",
            "urn": "do:reservedip:129.212.168.50"
          },
          "sensitive_attributes": [],
          "private": "bnVsbA==",
          "dependencies": [
            "data.digitalocean_ssh_key.ali_laptop",
            "data.digitalocean_ssh_key.ali_pc",
            "data.digitalocean_ssh_key.brian_laptop",
            "digitalocean_droplet.app-production"
          ]
        }
      ]
    }
  ],
  "check_results": null
}
