{
  "version": 4,
  "terraform_version": "1.13.3",
  "serial": 3,
  "lineage": "45b3ea4e-47af-95c2-b5eb-19615cf75d17",
  "outputs": {
    "node_ip": {
      "value": "46.224.39.173",
      "type": "string"
    },
    "ssh_command": {
      "value": "ssh root@46.224.39.173",
      "type": "string"
    }
  },
  "resources": [
    {
      "mode": "data",
      "type": "hcloud_ssh_keys",
      "name": "this",
      "provider": "provider[\"registry.terraform.io/hetznercloud/hcloud\"]",
      "instances": [
        {
          "schema_version": 0,
          "attributes": {
            "id": "103583052-103583053-103583054-103583070-103583076",
            "ssh_keys": [
              {
                "fingerprint": "71:f0:df:46:71:67:0c:a1:c2:c5:2f:2e:1a:d3:28:f8",
                "id": 103583052,
                "labels": {},
                "name": "ali-pc-1",
                "public_key": "ssh-ed25519 AAAAC3NzaC1lZDI1NTE5AAAAILz/CUeL0Qp79M/5940RogIwt3ht++FAeX8nSDRaU4xf"
              },
              {
                "fingerprint": "75:e1:ed:0b:e4:65:05:75:a4:fe:d2:7f:61:de:4a:ef",
                "id": 103583053,
                "labels": {},
                "name": "ali-laptop",
                "public_key": "ssh-ed25519 AAAAC3NzaC1lZDI1NTE5AAAAIIzU98m4MecYGEPMpkzPiV4H81PBCqkOYypkGgPmjE9K"
              },
              {
                "fingerprint": "01:c8:65:1e:45:df:66:b3:1d:34:61:f0:dd:8d:50:33",
                "id": 103583054,
                "labels": {},
                "name": "forke@DESKTOP-68BLBQK",
                "public_key": "ssh-rsa AAAAB3NzaC1yc2EAAAADAQABAAACAQDaY2E0y2iXN7GNTw3X6v3Omtjzktf6o2mmmTMg3x9uOKefe2/dyHfKX1fIZy3Bpp2hMxYK0j5tdIgCOPTwDoRzZ8Sp1RpwJUTKAZtX9wzG2yrbSpdEOlyQUFKVmg/rM2Y/46D3CkhuacKKTCkDCuHW+aBM9OE2DN0II1kyzNku+lEmYNlCjCUHwRVbesrdnw1Ip6+mk5XDMHBJCdaQN0+y7wjrP3rifHR5ubf/KGilpvvEIRPZsUR/6Hdr5C0m4bk1g1ihJMZ5SQ+o84XqC55TF+qQqMXn5tz8SNfKTKfY5qbqO06zykep1rfB2WB2Rz529YndHgpPbYeOzB9Q7WTrAXZa84l7Ckh/Zqa7j/l65kAYM/z/y4Z2lOY4qSGMDebiUJpJSGd+UtBk6y37aTX3nlmp2PPcekZmmvFfWmTtVLS7TlWvdoJ6PbxA+4BzhrYI8Yw+5sZCqr5ZsXMYHbJdxjUhP6FeXuUxDjG5QwnPrhQB447iZrAxtyMgBwZ9avNBqBfRO+i1yXFLaJIpX8GKlWsm5kSlZ3XhkEAApGJF6yyzvHpJegH9Luk/NxRhvaQpPR5KPOQaensbq4X/tUSVnX4dGi5JCaxtSmqKp4JbMVMI5ZsLJfCgkWyhNP34ZoQ9FzEMj0q4Bi9A1If5mbgqyMhCuxV9Fx8VIjCLO3f+7Q=="
              },
              {
                "fingerprint": "d7:b9:d1:0f:a6:4e:23:a4:b8:0a:01:33:77:34:6b:34",
                "id": 103583070,
                "labels": {},
                "name": "ali-pc-2",
                "public_key": "ssh-rsa AAAAB3NzaC1yc2EAAAADAQABAAACAQCks/Us9AT7Vnr463VEUDcjFsxUYY2tVoDj55D9rw9w2V4yA6k7u+jfee/wTyMGGs7Z67n5tGwp8jxP7JLTGDGsiuWGDQNxx/3PclO2Wba5ll+HZtq97RbB2WkyZIf5LYtLtmvyaJSbxW0G3hDTryiwZqA0MxILWt3mdOoyQ5bg+2xKVL6eCAIhwyGwrYF4pawVb3C8Zk9W6HzNg4V3xOOlE2mq1Bn46PDOwKUJvUnnVynnw4zpQ8iA0zcXVuyXSY47gkVeLzu6yGxaWdpztcDTP6uze8fU/jQfFXhI1k3Qtklu+Ov8OgVPEQknUXvX3E9T/Xzxpn+yEHLDA7QfzECORH4lLW8nkMnLOGYBdbOcCt7kL4x5pWiT4atXHOipZmmKJY5/WnzZkY6F6bvnECB2xOMlEdOkmUBCswGJyaegKgZ8TOw+2N8RV8agUOXUdd1ltSyNK71ygKG6RvVWCUrEH6zgAEji+8r+RqBIHogfmQj6dfx3RgMRSc0zzYxuGwmXwS/Z6kfJ5KufrmvLgksuyPuNvlzHTfFI6np1cf067lIcKXF/vMl/Ab2pVxVtBPTVoz7tStnMsL8d1ZQUunB5/8ETM/3XvO0aa9soUeAYnAnyWyLeaad2Lgp89WDAVeiKkwodcJlOqZ5ZEjydwsXawkJOqrenDcCLe5Jt1HpC7Q=="
              },
              {
                "fingerprint": "4e:ec:ec:39:a0:6c:1e:ae:8e:43:f8:3e:65:b2:b2:87",
                "id": 103583076,
                "labels": {},
                "name": "github actions",
                "public_key": "ssh-ed25519 AAAAC3NzaC1lZDI1NTE5AAAAIBXo8C7Qd5Wi1dd74s9dyhBSmdenuW0PQVSEI7gvfRfo"
              }
            ],
            "with_selector": null
          },
          "sensitive_attributes": [],
          "identity_schema_version": 0
        }
      ]
    },
    {
      "mode": "managed",
      "type": "hcloud_firewall",
      "name": "this",
      "provider": "provider[\"registry.terraform.io/hetznercloud/hcloud\"]",
      "instances": [
        {
          "schema_version": 0,
          "attributes": {
            "apply_to": [],
            "id": "10155510",
            "labels": {},
            "name": "dbd-25-firewall",
            "rule": [
              {
                "description": "",
                "destination_ips": [
                  "0.0.0.0/0",
                  "::/0"
                ],
                "direction": "out",
                "port": "",
                "protocol": "icmp",
                "source_ips": []
              },
              {
                "description": "",
                "destination_ips": [
                  "0.0.0.0/0",
                  "::/0"
                ],
                "direction": "out",
                "port": "any",
                "protocol": "tcp",
                "source_ips": []
              },
              {
                "description": "",
                "destination_ips": [
                  "0.0.0.0/0",
                  "::/0"
                ],
                "direction": "out",
                "port": "any",
                "protocol": "udp",
                "source_ips": []
              },
              {
                "description": "",
                "destination_ips": [],
                "direction": "in",
                "port": "22",
                "protocol": "tcp",
                "source_ips": [
                  "0.0.0.0/0",
                  "::/0"
                ]
              }
            ]
          },
          "sensitive_attributes": [],
          "identity_schema_version": 0,
          "private": "bnVsbA=="
        }
      ]
    },
    {
      "mode": "managed",
      "type": "hcloud_server",
      "name": "this",
      "provider": "provider[\"registry.terraform.io/hetznercloud/hcloud\"]",
      "instances": [
        {
          "schema_version": 0,
          "attributes": {
            "allow_deprecated_images": false,
            "backup_window": "",
            "backups": false,
            "datacenter": "fsn1-dc14",
            "delete_protection": false,
            "firewall_ids": [
              10155510
            ],
            "id": "112248625",
            "ignore_remote_firewall_ids": false,
            "image": "ubuntu-24.04",
            "ipv4_address": "46.224.39.173",
            "ipv6_address": "2a01:4f8:c014:e52a::1",
            "ipv6_network": "2a01:4f8:c014:e52a::/64",
            "iso": null,
            "keep_disk": false,
            "labels": null,
            "location": "fsn1",
            "name": "dbd-25-node",
            "network": [],
            "placement_group_id": 0,
            "primary_disk_size": 40,
            "public_net": [
              {
                "ipv4": 0,
                "ipv4_enabled": true,
                "ipv6": 0,
                "ipv6_enabled": true
              }
            ],
            "rebuild_protection": false,
            "rescue": null,
            "server_type": "cx23",
            "shutdown_before_deletion": false,
            "ssh_keys": [
              "ali-pc-1",
              "ali-laptop",
              "forke@DESKTOP-68BLBQK",
              "ali-pc-2",
              "github actions"
            ],
            "status": "running",
            "timeouts": null,
            "user_data": null
          },
          "sensitive_attributes": [],
          "identity_schema_version": 0,
          "private": "eyJlMmJmYjczMC1lY2FhLTExZTYtOGY4OC0zNDM2M2JjN2M0YzAiOnsiY3JlYXRlIjo1NDAwMDAwMDAwMDAwfX0=",
          "dependencies": [
            "data.hcloud_ssh_keys.this",
            "hcloud_firewall.this"
          ]
        }
      ]
    }
  ],
  "check_results": null
}
